
Microsoft Visual Studio Solution File, Format Version 12.00
# Visual Studio Version 17
VisualStudioVersion = 17.10.35004.147
MinimumVisualStudioVersion = 10.0.40219.1
Project("{FAE04EC0-301F-11D3-BF4B-00C04F79EFBC}") = "MVVM01", "MVVM01\MVVM01.csproj", "{5A60847B-C1C6-411D-B440-A11FC1CC66AD}"
EndProject
Project("{FAE04EC0-301F-11D3-BF4B-00C04F79EFBC}") = "MVVM01.DAL", "MVVM01.DAL\MVVM01.DAL.csproj", "{B71796CD-32DE-46C1-86F9-05EDD11984DF}"
EndProject
Project("{FAE04EC0-301F-11D3-BF4B-00C04F79EFBC}") = "MVVM01.Model", "MVVM01.Model\MVVM01.Model.csproj", "{9FD088D8-BDC7-44FA-9488-47C5804DA83A}"
EndProject
Global
	GlobalSection(SolutionConfigurationPlatforms) = preSolution
		Debug|Any CPU = Debug|Any CPU
		Release|Any CPU = Release|Any CPU
	EndGlobalSection
	GlobalSection(ProjectConfigurationPlatforms) = postSolution
		{5A60847B-C1C6-411D-B440-A11FC1CC66AD}.Debug|Any CPU.ActiveCfg = Debug|Any CPU
		{5A60847B-C1C6-411D-B440-A11FC1CC66AD}.Debug|Any CPU.Build.0 = Debug|Any CPU
		{5A60847B-C1C6-411D-B440-A11FC1CC66AD}.Release|Any CPU.ActiveCfg = Release|Any CPU
		{5A60847B-C1C6-411D-B440-A11FC1CC66AD}.Release|Any CPU.Build.0 = Release|Any CPU
		{B71796CD-32DE-46C1-86F9-05EDD11984DF}.Debug|Any CPU.ActiveCfg = Debug|Any CPU
		{B71796CD-32DE-46C1-86F9-05EDD11984DF}.Debug|Any CPU.Build.0 = Debug|Any CPU
		{B71796CD-32DE-46C1-86F9-05EDD11984DF}.Release|Any CPU.ActiveCfg = Release|Any CPU
		{B71796CD-32DE-46C1-86F9-05EDD11984DF}.Release|Any CPU.Build.0 = Release|Any CPU
		{9FD088D8-BDC7-44FA-9488-47C5804DA83A}.Debug|Any CPU.ActiveCfg = Debug|Any CPU
		{9FD088D8-BDC7-44FA-9488-47C5804DA83A}.Debug|Any CPU.Build.0 = Debug|Any CPU
		{9FD088D8-BDC7-44FA-9488-47C5804DA83A}.Release|Any CPU.ActiveCfg = Release|Any CPU
		{9FD088D8-BDC7-44FA-9488-47C5804DA83A}.Release|Any CPU.Build.0 = Release|Any CPU
	EndGlobalSection
	GlobalSection(SolutionProperties) = preSolution
		HideSolutionNode = FALSE
	EndGlobalSection
	GlobalSection(ExtensibilityGlobals) = postSolution
		SolutionGuid = {6E6DFE90-4737-4C70-8B4E-4F8AC08A0B5D}
	EndGlobalSection
EndGlobal
